{
  "name": "jillian",
  "version": "1.0.0",
  "lockfileVersion": 1,
  "requires": true,
  "dependencies": {
    "@types/fs-extra": {
      "version": "4.0.2",
      "resolved": "https://registry.npmjs.org/@types/fs-extra/-/fs-extra-4.0.2.tgz",
      "integrity": "sha512-Id1hnmfd+7G9K+jWz2syfMcpymx2mj6B1y4C72vAoYQzxOA79UhY/kNvOCyb9yYR1SoSaHyhwcYtWKKqUiLTZA==",
      "requires": {
        "@types/node": "8.0.31"
      }
    },
    "@types/node": {
      "version": "8.0.31",
      "resolved": "https://registry.npmjs.org/@types/node/-/node-8.0.31.tgz",
      "integrity": "sha512-R+LdMJHJQwRd/Ca0Nr5KnwbSWHxTD3DWz4ivqoPeNH+YPcuirMWK+Ti9Mx32jOecmPhHOCd+6CefU5e1eVq2Ew=="
    },
    "apparatus": {
      "version": "https://registry.npmjs.org/apparatus/-/apparatus-0.0.9.tgz",
      "integrity": "sha1-N9zSWDStC2UQdllikduCPusZCL0=",
      "requires": {
        "sylvester": "https://registry.npmjs.org/sylvester/-/sylvester-0.0.21.tgz"
      }
    },
    "balanced-match": {
      "version": "https://registry.npmjs.org/balanced-match/-/balanced-match-0.4.2.tgz",
      "integrity": "sha1-yz8+PHMtwPAe5wtAPzAuYddwmDg="
    },
    "brace-expansion": {
      "version": "https://registry.npmjs.org/brace-expansion/-/brace-expansion-1.1.6.tgz",
      "integrity": "sha1-cZfX6qm4fmSDkOph/GbIRCdCDfk=",
      "requires": {
        "balanced-match": "https://registry.npmjs.org/balanced-match/-/balanced-match-0.4.2.tgz",
        "concat-map": "https://registry.npmjs.org/concat-map/-/concat-map-0.0.1.tgz"
      }
    },
    "browser-stdout": {
      "version": "https://registry.npmjs.org/browser-stdout/-/browser-stdout-1.3.0.tgz",
      "integrity": "sha1-81HTKWnTL6XXpVZxVCY9korjvR8="
    },
    "commander": {
      "version": "https://registry.npmjs.org/commander/-/commander-2.9.0.tgz",
      "integrity": "sha1-nJkJQXbhIkDLItbFFGCYQA/g99Q=",
      "requires": {
        "graceful-readlink": "https://registry.npmjs.org/graceful-readlink/-/graceful-readlink-1.0.1.tgz"
      }
    },
    "concat-map": {
      "version": "https://registry.npmjs.org/concat-map/-/concat-map-0.0.1.tgz",
      "integrity": "sha1-2Klr13/Wjfd5OnMDajug1UBdR3s="
    },
    "debug": {
      "version": "https://registry.npmjs.org/debug/-/debug-2.2.0.tgz",
      "integrity": "sha1-+HBX6ZWxofauaklgZkE3vFbwOdo=",
      "requires": {
        "ms": "https://registry.npmjs.org/ms/-/ms-0.7.1.tgz"
      }
    },
    "diff": {
      "version": "https://registry.npmjs.org/diff/-/diff-1.4.0.tgz",
      "integrity": "sha1-fyjS657nsVqX79ic5j3P2qPMur8="
    },
    "escape-string-regexp": {
      "version": "https://registry.npmjs.org/escape-string-regexp/-/escape-string-regexp-1.0.5.tgz",
      "integrity": "sha1-G2HAViGQqN/2rjuyzwIAyhMLhtQ="
    },
    "fs-extra": {
      "version": "https://registry.npmjs.org/fs-extra/-/fs-extra-3.0.1.tgz",
      "integrity": "sha1-N5TzeMWLNC6n27sjCVEJxLO2IpE=",
      "dev": true,
      "requires": {
        "graceful-fs": "https://registry.npmjs.org/graceful-fs/-/graceful-fs-4.1.11.tgz",
        "jsonfile": "https://registry.npmjs.org/jsonfile/-/jsonfile-3.0.0.tgz",
        "universalify": "https://registry.npmjs.org/universalify/-/universalify-0.1.0.tgz"
      }
    },
    "fs.realpath": {
      "version": "https://registry.npmjs.org/fs.realpath/-/fs.realpath-1.0.0.tgz",
      "integrity": "sha1-FQStJSMVjKpA20onh8sBQRmU6k8="
    },
    "glob": {
      "version": "https://registry.npmjs.org/glob/-/glob-7.0.5.tgz",
      "integrity": "sha1-tCAqaQmbu00pKnwblbZoK2fr3JU=",
      "requires": {
        "fs.realpath": "https://registry.npmjs.org/fs.realpath/-/fs.realpath-1.0.0.tgz",
        "inflight": "https://registry.npmjs.org/inflight/-/inflight-1.0.6.tgz",
        "inherits": "https://registry.npmjs.org/inherits/-/inherits-2.0.3.tgz",
        "minimatch": "https://registry.npmjs.org/minimatch/-/minimatch-3.0.3.tgz",
        "once": "https://registry.npmjs.org/once/-/once-1.4.0.tgz",
        "path-is-absolute": "https://registry.npmjs.org/path-is-absolute/-/path-is-absolute-1.0.1.tgz"
      }
    },
    "graceful-fs": {
      "version": "https://registry.npmjs.org/graceful-fs/-/graceful-fs-4.1.11.tgz",
      "integrity": "sha1-Dovf5NHduIVNZOBOp8AOKgJuVlg=",
      "dev": true
    },
    "graceful-readlink": {
      "version": "https://registry.npmjs.org/graceful-readlink/-/graceful-readlink-1.0.1.tgz",
      "integrity": "sha1-TK+tdrxi8C+gObL5Tpo906ORpyU="
    },
    "growl": {
      "version": "https://registry.npmjs.org/growl/-/growl-1.9.2.tgz",
      "integrity": "sha1-Dqd0NxXbjY3ixe3hd14bRayFwC8="
    },
    "has-flag": {
      "version": "https://registry.npmjs.org/has-flag/-/has-flag-1.0.0.tgz",
      "integrity": "sha1-nZ55MWXOAXoA8AQYxD+UKnsdEfo="
    },
    "inflight": {
      "version": "https://registry.npmjs.org/inflight/-/inflight-1.0.6.tgz",
      "integrity": "sha1-Sb1jMdfQLQwJvJEKEHW6gWW1bfk=",
      "requires": {
        "once": "https://registry.npmjs.org/once/-/once-1.4.0.tgz",
        "wrappy": "https://registry.npmjs.org/wrappy/-/wrappy-1.0.2.tgz"
      }
    },
    "inherits": {
      "version": "https://registry.npmjs.org/inherits/-/inherits-2.0.3.tgz",
      "integrity": "sha1-Yzwsg+PaQqUC9SRmAiSA9CCCYd4="
    },
    "json3": {
      "version": "https://registry.npmjs.org/json3/-/json3-3.3.2.tgz",
      "integrity": "sha1-PAQ0dD35Pi9cQq7nsZvLSDV19OE="
    },
    "jsonfile": {
      "version": "https://registry.npmjs.org/jsonfile/-/jsonfile-3.0.0.tgz",
      "integrity": "sha1-kufHRE5f/V+jLmqa6LhQNN+DR9A=",
      "dev": true,
      "requires": {
        "graceful-fs": "https://registry.npmjs.org/graceful-fs/-/graceful-fs-4.1.11.tgz"
      }
    },
    "lodash._baseassign": {
      "version": "https://registry.npmjs.org/lodash._baseassign/-/lodash._baseassign-3.2.0.tgz",
      "integrity": "sha1-jDigmVAPIVrQnlnxci/QxSv+Ck4=",
      "requires": {
        "lodash._basecopy": "https://registry.npmjs.org/lodash._basecopy/-/lodash._basecopy-3.0.1.tgz",
        "lodash.keys": "https://registry.npmjs.org/lodash.keys/-/lodash.keys-3.1.2.tgz"
      }
    },
    "lodash._basecopy": {
      "version": "https://registry.npmjs.org/lodash._basecopy/-/lodash._basecopy-3.0.1.tgz",
      "integrity": "sha1-jaDmqHbPNEwK2KVIghEd08XHyjY="
    },
    "lodash._basecreate": {
      "version": "https://registry.npmjs.org/lodash._basecreate/-/lodash._basecreate-3.0.3.tgz",
      "integrity": "sha1-G8ZhYU2qf8MRt9A78WgGoCE8+CE="
    },
    "lodash._getnative": {
      "version": "https://registry.npmjs.org/lodash._getnative/-/lodash._getnative-3.9.1.tgz",
      "integrity": "sha1-VwvH3t5G1hzc3mh9ZdPuy6o6r/U="
    },
    "lodash._isiterateecall": {
      "version": "https://registry.npmjs.org/lodash._isiterateecall/-/lodash._isiterateecall-3.0.9.tgz",
      "integrity": "sha1-UgOte6Ql+uhCRg5pbbnPPmqsBXw="
    },
    "lodash.create": {
      "version": "https://registry.npmjs.org/lodash.create/-/lodash.create-3.1.1.tgz",
      "integrity": "sha1-1/KEnw29p+BGgruM1yqwIkYd6+c=",
      "requires": {
        "lodash._baseassign": "https://registry.npmjs.org/lodash._baseassign/-/lodash._baseassign-3.2.0.tgz",
        "lodash._basecreate": "https://registry.npmjs.org/lodash._basecreate/-/lodash._basecreate-3.0.3.tgz",
        "lodash._isiterateecall": "https://registry.npmjs.org/lodash._isiterateecall/-/lodash._isiterateecall-3.0.9.tgz"
      }
    },
    "lodash.isarguments": {
      "version": "https://registry.npmjs.org/lodash.isarguments/-/lodash.isarguments-3.1.0.tgz",
      "integrity": "sha1-L1c9hcaiQon/AGY7SRwdM4/zRYo="
    },
    "lodash.isarray": {
      "version": "https://registry.npmjs.org/lodash.isarray/-/lodash.isarray-3.0.4.tgz",
      "integrity": "sha1-eeTriMNqgSKvhvhEqpvNhRtfu1U="
    },
    "lodash.keys": {
      "version": "https://registry.npmjs.org/lodash.keys/-/lodash.keys-3.1.2.tgz",
      "integrity": "sha1-TbwEcrFWvlCgsoaFXRvQsMZWCYo=",
      "requires": {
        "lodash._getnative": "https://registry.npmjs.org/lodash._getnative/-/lodash._getnative-3.9.1.tgz",
        "lodash.isarguments": "https://registry.npmjs.org/lodash.isarguments/-/lodash.isarguments-3.1.0.tgz",
        "lodash.isarray": "https://registry.npmjs.org/lodash.isarray/-/lodash.isarray-3.0.4.tgz"
      }
    },
    "minimatch": {
      "version": "https://registry.npmjs.org/minimatch/-/minimatch-3.0.3.tgz",
      "integrity": "sha1-Kk5AkLlrLbBqnX3wEFWmKnfJt3Q=",
      "requires": {
        "brace-expansion": "https://registry.npmjs.org/brace-expansion/-/brace-expansion-1.1.6.tgz"
      }
    },
    "minimist": {
      "version": "https://registry.npmjs.org/minimist/-/minimist-0.0.8.tgz",
      "integrity": "sha1-hX/Kv8M5fSYluCKCYuhqp6ARsF0="
    },
    "mkdirp": {
      "version": "https://registry.npmjs.org/mkdirp/-/mkdirp-0.5.1.tgz",
      "integrity": "sha1-MAV0OOrGz3+MR2fzhkjWaX11yQM=",
      "requires": {
        "minimist": "https://registry.npmjs.org/minimist/-/minimist-0.0.8.tgz"
      }
    },
    "mocha": {
      "version": "https://registry.npmjs.org/mocha/-/mocha-3.2.0.tgz",
      "integrity": "sha1-fcT0XlCIB1FxpoiWgU5q6et6heM=",
      "requires": {
        "browser-stdout": "https://registry.npmjs.org/browser-stdout/-/browser-stdout-1.3.0.tgz",
        "commander": "https://registry.npmjs.org/commander/-/commander-2.9.0.tgz",
        "debug": "https://registry.npmjs.org/debug/-/debug-2.2.0.tgz",
        "diff": "https://registry.npmjs.org/diff/-/diff-1.4.0.tgz",
        "escape-string-regexp": "https://registry.npmjs.org/escape-string-regexp/-/escape-string-regexp-1.0.5.tgz",
        "glob": "https://registry.npmjs.org/glob/-/glob-7.0.5.tgz",
        "growl": "https://registry.npmjs.org/growl/-/growl-1.9.2.tgz",
        "json3": "https://registry.npmjs.org/json3/-/json3-3.3.2.tgz",
        "lodash.create": "https://registry.npmjs.org/lodash.create/-/lodash.create-3.1.1.tgz",
        "mkdirp": "https://registry.npmjs.org/mkdirp/-/mkdirp-0.5.1.tgz",
        "supports-color": "https://registry.npmjs.org/supports-color/-/supports-color-3.1.2.tgz"
      }
    },
    "ms": {
      "version": "https://registry.npmjs.org/ms/-/ms-0.7.1.tgz",
      "integrity": "sha1-nNE8A62/8ltl7/3nzoZO6VIBcJg="
    },
    "natural": {
      "version": "https://registry.npmjs.org/natural/-/natural-0.5.0.tgz",
      "integrity": "sha1-Vam7aOzPXs5VNUhgBKV94mSuMYA=",
      "requires": {
        "apparatus": "https://registry.npmjs.org/apparatus/-/apparatus-0.0.9.tgz",
        "sylvester": "https://registry.npmjs.org/sylvester/-/sylvester-0.0.21.tgz",
        "underscore": "https://registry.npmjs.org/underscore/-/underscore-1.8.3.tgz"
      }
    },
    "once": {
      "version": "https://registry.npmjs.org/once/-/once-1.4.0.tgz",
      "integrity": "sha1-WDsap3WWHUsROsF9nFC6753Xa9E=",
      "requires": {
        "wrappy": "https://registry.npmjs.org/wrappy/-/wrappy-1.0.2.tgz"
      }
    },
    "os-tmpdir": {
      "version": "https://registry.npmjs.org/os-tmpdir/-/os-tmpdir-1.0.2.tgz",
      "integrity": "sha1-u+Z0BseaqFxc/sdm/lc0VV36EnQ=",
      "dev": true
    },
    "path-is-absolute": {
      "version": "https://registry.npmjs.org/path-is-absolute/-/path-is-absolute-1.0.1.tgz",
      "integrity": "sha1-F0uSaHNVNP+8es5r9TpanhtcX18="
    },
    "source-map": {
      "version": "0.6.1",
      "resolved": "https://registry.npmjs.org/source-map/-/source-map-0.6.1.tgz",
      "integrity": "sha512-UjgapumWlbMhkBgzT7Ykc5YXUT46F0iKu8SGXq0bcwP5dz/h0Plj6enJqjz1Zbq2l5WaqYnrVbwWOWMyF3F47g==",
      "dev": true
    },
    "source-map-support": {
      "version": "0.5.0",
      "resolved": "https://registry.npmjs.org/source-map-support/-/source-map-support-0.5.0.tgz",
      "integrity": "sha512-vUoN3I7fHQe0R/SJLKRdKYuEdRGogsviXFkHHo17AWaTGv17VLnxw+CFXvqy+y4ORZ3doWLQcxRYfwKrsd/H7Q==",
      "dev": true,
      "requires": {
        "source-map": "0.6.1"
      }
    },
    "supports-color": {
      "version": "https://registry.npmjs.org/supports-color/-/supports-color-3.1.2.tgz",
      "integrity": "sha1-cqJiiU2dQIuVbKBf83su2KbiotU=",
      "requires": {
        "has-flag": "https://registry.npmjs.org/has-flag/-/has-flag-1.0.0.tgz"
      }
    },
    "sylvester": {
      "version": "https://registry.npmjs.org/sylvester/-/sylvester-0.0.21.tgz",
      "integrity": "sha1-KYexzivS84sNzio0OIiEv6RADqc="
    },
    "tifuhash": {
      "version": "https://registry.npmjs.org/tifuhash/-/tifuhash-1.0.5.tgz",
      "integrity": "sha1-QrGG6chfy9Wos5YKm4+tSx1EmbU="
    },
    "tmp": {
      "version": "https://registry.npmjs.org/tmp/-/tmp-0.0.31.tgz",
      "integrity": "sha1-jzirlDjhcxXl29izZX6L+yd65Kc=",
      "dev": true,
      "requires": {
        "os-tmpdir": "https://registry.npmjs.org/os-tmpdir/-/os-tmpdir-1.0.2.tgz"
      }
    },
    "typescript": {
      "version": "2.5.2",
      "resolved": "https://registry.npmjs.org/typescript/-/typescript-2.5.2.tgz",
      "integrity": "sha1-A4qV99m7tCCxvzW6MdTFwd0//jQ="
    },
    "underscore": {
      "version": "https://registry.npmjs.org/underscore/-/underscore-1.8.3.tgz",
      "integrity": "sha1-Tz+1OxBuYJf8+ctBCfKl6b36UCI="
    },
    "universalify": {
      "version": "https://registry.npmjs.org/universalify/-/universalify-0.1.0.tgz",
      "integrity": "sha1-nrHEZR3rzGcMyU8adXYjMruWd3g=",
      "dev": true
    },
    "wrappy": {
      "version": "https://registry.npmjs.org/wrappy/-/wrappy-1.0.2.tgz",
      "integrity": "sha1-tSQ9jz7BqjXxNkYFvA0QNuMKtp8="
    }
  }
}
